# THIS IS AN AUTOGENERATED FILE. DO NOT EDIT THIS FILE DIRECTLY.
# yarn lockfile v1


"@types/async@^2.0.46":
  version "2.0.46"
  resolved "https://registry.yarnpkg.com/@types/async/-/async-2.0.46.tgz#f13a6c336a6582b95d0c0269e796b709488fd54d"

"@types/react@^16.0.25":
  version "16.0.25"
  resolved "https://registry.yarnpkg.com/@types/react/-/react-16.0.25.tgz#bf696b83fe480c5e0eff4335ee39ebc95884a1ed"
